
Microsoft Visual Studio Solution File, Format Version 12.00
# Visual Studio Version 17
VisualStudioVersion = 17.9.34622.214
MinimumVisualStudioVersion = 10.0.40219.1
Project("{D2ABAB84-BF74-430A-B69E-9DC6D40DDA17}") = "kostka", "kostka.dwproj", "{E4D4EF99-3DF3-4B31-96CA-0015F9101A19}"
EndProject
Global
	GlobalSection(SolutionConfigurationPlatforms) = preSolution
		Development|Default = Development|Default
	EndGlobalSection
	GlobalSection(ProjectConfigurationPlatforms) = postSolution
		{E4D4EF99-3DF3-4B31-96CA-0015F9101A19}.Development|Default.ActiveCfg = Development
		{E4D4EF99-3DF3-4B31-96CA-0015F9101A19}.Development|Default.Build.0 = Development
		{E4D4EF99-3DF3-4B31-96CA-0015F9101A19}.Development|Default.Deploy.0 = Development
	EndGlobalSection
	GlobalSection(SolutionProperties) = preSolution
		HideSolutionNode = FALSE
	EndGlobalSection
	GlobalSection(ExtensibilityGlobals) = postSolution
		SolutionGuid = {6B38118B-6B6F-4047-8548-98F0737DB3EB}
	EndGlobalSection
EndGlobal
